
Microsoft Visual Studio Solution File, Format Version 12.00
# Visual Studio Version 17
VisualStudioVersion = 17.4.33213.308
MinimumVisualStudioVersion = 10.0.40219.1
Project("{9A19103F-16F7-4668-BE54-9A1E7A4F7556}") = "mylittlebackyard.web", "mylittlebackyard.web\mylittlebackyard.web.csproj", "{D6F5608C-0873-48B5-A161-432FF2B0E436}"
EndProject
Project("{00D1A9C2-B5F0-4AF3-8072-F6C62B433612}") = "mylittlebackyard.database", "mylittlebackyard.database\mylittlebackyard.database.sqlproj", "{76B4C2BE-4831-430E-9E8B-F34F1D95A252}"
EndProject
Global
	GlobalSection(SolutionConfigurationPlatforms) = preSolution
		Debug|Any CPU = Debug|Any CPU
		Release|Any CPU = Release|Any CPU
	EndGlobalSection
	GlobalSection(ProjectConfigurationPlatforms) = postSolution
		{D6F5608C-0873-48B5-A161-432FF2B0E436}.Debug|Any CPU.ActiveCfg = Debug|Any CPU
		{D6F5608C-0873-48B5-A161-432FF2B0E436}.Debug|Any CPU.Build.0 = Debug|Any CPU
		{D6F5608C-0873-48B5-A161-432FF2B0E436}.Release|Any CPU.ActiveCfg = Release|Any CPU
		{D6F5608C-0873-48B5-A161-432FF2B0E436}.Release|Any CPU.Build.0 = Release|Any CPU
		{76B4C2BE-4831-430E-9E8B-F34F1D95A252}.Debug|Any CPU.ActiveCfg = Debug|Any CPU
		{76B4C2BE-4831-430E-9E8B-F34F1D95A252}.Debug|Any CPU.Build.0 = Debug|Any CPU
		{76B4C2BE-4831-430E-9E8B-F34F1D95A252}.Debug|Any CPU.Deploy.0 = Debug|Any CPU
		{76B4C2BE-4831-430E-9E8B-F34F1D95A252}.Release|Any CPU.ActiveCfg = Release|Any CPU
		{76B4C2BE-4831-430E-9E8B-F34F1D95A252}.Release|Any CPU.Build.0 = Release|Any CPU
		{76B4C2BE-4831-430E-9E8B-F34F1D95A252}.Release|Any CPU.Deploy.0 = Release|Any CPU
	EndGlobalSection
	GlobalSection(SolutionProperties) = preSolution
		HideSolutionNode = FALSE
	EndGlobalSection
	GlobalSection(ExtensibilityGlobals) = postSolution
		SolutionGuid = {22E65483-3524-43F2-B697-180B414A7282}
	EndGlobalSection
EndGlobal
